{
    "name": "@lesnoypudge/types-global-react",
    "version": "2.0.1",
    "lockfileVersion": 3,
    "requires": true,
    "packages": {
        "": {
            "name": "@lesnoypudge/types-global-react",
            "version": "2.0.1",
            "license": "ISC",
            "dependencies": {
                "@lesnoypudge/types-utils-react": "^5.0.0",
                "@types/react": "^18.3.12",
                "@types/react-dom": "^18.3.1"
            },
            "devDependencies": {
                "typescript": "^5.7.2"
            }
        },
        "node_modules/@lesnoypudge/types-utils-base": {
            "version": "1.1.0",
            "resolved": "https://registry.npmjs.org/@lesnoypudge/types-utils-base/-/types-utils-base-1.1.0.tgz",
            "integrity": "sha512-RZlSBmu0ZM6MBLM/5QHwynPL2mN7+sT8b2WocfQkY+zAltei+S5LFT2iNGgCX9Br3BUdkkB9FzQI/6w22WlVOg==",
            "license": "ISC",
            "dependencies": {
                "ts-essentials": "^10.0.0",
                "type-fest": "^4.18.3"
            }
        },
        "node_modules/@lesnoypudge/types-utils-react": {
            "version": "5.0.0",
            "resolved": "https://registry.npmjs.org/@lesnoypudge/types-utils-react/-/types-utils-react-5.0.0.tgz",
            "integrity": "sha512-lCbzCwspLbsMXWv5KcGmFKTlf0W9ZytFuLA5MjFiSDfEPQbMrNBE6dvv1Fh5rJAk4syrmNsFPtaf1/S4V1ovTw==",
            "license": "ISC",
            "dependencies": {
                "@lesnoypudge/types-utils-base": "^1.1.0",
                "@types/react": "^18.3.3"
            }
        },
        "node_modules/@types/prop-types": {
            "version": "15.7.12",
            "resolved": "https://registry.npmjs.org/@types/prop-types/-/prop-types-15.7.12.tgz",
            "integrity": "sha512-5zvhXYtRNRluoE/jAp4GVsSduVUzNWKkOZrCDBWYtE7biZywwdC2AcEzg+cSMLFRfVgeAFqpfNabiPjxFddV1Q=="
        },
        "node_modules/@types/react": {
            "version": "18.3.12",
            "resolved": "https://registry.npmjs.org/@types/react/-/react-18.3.12.tgz",
            "integrity": "sha512-D2wOSq/d6Agt28q7rSI3jhU7G6aiuzljDGZ2hTZHIkrTLUI+AF3WMeKkEZ9nN2fkBAlcktT6vcZjDFiIhMYEQw==",
            "license": "MIT",
            "dependencies": {
                "@types/prop-types": "*",
                "csstype": "^3.0.2"
            }
        },
        "node_modules/@types/react-dom": {
            "version": "18.3.1",
            "resolved": "https://registry.npmjs.org/@types/react-dom/-/react-dom-18.3.1.tgz",
            "integrity": "sha512-qW1Mfv8taImTthu4KoXgDfLuk4bydU6Q/TkADnDWWHwi4NX4BR+LWfTp2sVmTqRrsHvyDDTelgelxJ+SsejKKQ==",
            "license": "MIT",
            "dependencies": {
                "@types/react": "*"
            }
        },
        "node_modules/csstype": {
            "version": "3.1.3",
            "resolved": "https://registry.npmjs.org/csstype/-/csstype-3.1.3.tgz",
            "integrity": "sha512-M1uQkMl8rQK/szD0LNhtqxIPLpimGm8sOBwU7lLnCpSbTyY3yeU1Vc7l4KT5zT4s/yOxHH5O7tIuuLOCnLADRw=="
        },
        "node_modules/ts-essentials": {
            "version": "10.0.3",
            "resolved": "https://registry.npmjs.org/ts-essentials/-/ts-essentials-10.0.3.tgz",
            "integrity": "sha512-/FrVAZ76JLTWxJOERk04fm8hYENDo0PWSP3YLQKxevLwWtxemGcl5JJEzN4iqfDlRve0ckyfFaOBu4xbNH/wZw==",
            "license": "MIT",
            "peerDependencies": {
                "typescript": ">=4.5.0"
            },
            "peerDependenciesMeta": {
                "typescript": {
                    "optional": true
                }
            }
        },
        "node_modules/type-fest": {
            "version": "4.28.0",
            "resolved": "https://registry.npmjs.org/type-fest/-/type-fest-4.28.0.tgz",
            "integrity": "sha512-jXMwges/FVbFRe5lTMJZVEZCrO9kI9c8k0PA/z7nF3bo0JSCCLysvokFjNPIUK/itEMas10MQM+AiHoHt/T/XA==",
            "license": "(MIT OR CC0-1.0)",
            "engines": {
                "node": ">=16"
            },
            "funding": {
                "url": "https://github.com/sponsors/sindresorhus"
            }
        },
        "node_modules/typescript": {
            "version": "5.7.2",
            "resolved": "https://registry.npmjs.org/typescript/-/typescript-5.7.2.tgz",
            "integrity": "sha512-i5t66RHxDvVN40HfDd1PsEThGNnlMCMT3jMUuoh9/0TaqWevNontacunWyN02LA9/fIbEWlcHZcgTKb9QoaLfg==",
            "devOptional": true,
            "license": "Apache-2.0",
            "bin": {
                "tsc": "bin/tsc",
                "tsserver": "bin/tsserver"
            },
            "engines": {
                "node": ">=14.17"
            }
        }
    }
}
